
Microsoft Visual Studio Solution File, Format Version 12.00
# Visual Studio Version 16
VisualStudioVersion = 16.0.31019.35
MinimumVisualStudioVersion = 10.0.40219.1
Project("{9A19103F-16F7-4668-BE54-9A1E7A4F7556}") = "LC_MyReflection", "LC_MyReflection\LC_MyReflection.csproj", "{2B27A8BA-87FE-48F0-99B0-2BBFF569CBB6}"
EndProject
Project("{9A19103F-16F7-4668-BE54-9A1E7A4F7556}") = "Ruanmou.DB.Interface", "Ruanmou.DB.Interface\Ruanmou.DB.Interface.csproj", "{92F79390-1FC7-4E37-91C4-6BB9B0BD9E3C}"
EndProject
Project("{9A19103F-16F7-4668-BE54-9A1E7A4F7556}") = "Ruanmou.DB.MySql", "Ruanmou.DB.MySql\Ruanmou.DB.MySql.csproj", "{5C0D8F8F-C4EA-495D-8F72-4E5AA31AC7AE}"
EndProject
Project("{9A19103F-16F7-4668-BE54-9A1E7A4F7556}") = "Ruanmou.DB.SqlServer", "Ruanmou.DB.SqlServer\Ruanmou.DB.SqlServer.csproj", "{7AAC8C30-3967-4B67-8B1C-FDB3B3309A28}"
EndProject
Project("{9A19103F-16F7-4668-BE54-9A1E7A4F7556}") = "Ruanmou.Model", "Ruanmou.Model\Ruanmou.Model.csproj", "{60FE16E0-73AB-4DCA-A2F7-8C8E35EAA61F}"
EndProject
Project("{9A19103F-16F7-4668-BE54-9A1E7A4F7556}") = "Ruanmou.DB.Oracle", "Ruanmou.DB.Oracle\Ruanmou.DB.Oracle.csproj", "{E8CF82AA-C76C-4230-8619-D7FAAD9A00F3}"
EndProject
Project("{FAE04EC0-301F-11D3-BF4B-00C04F79EFBC}") = "Ruanmou.Util", "Ruanmou.Util\Ruanmou.Util.csproj", "{B9054FDB-2F6D-4DA6-BF04-1BF32F1471F6}"
EndProject
Global
	GlobalSection(SolutionConfigurationPlatforms) = preSolution
		Debug|Any CPU = Debug|Any CPU
		Release|Any CPU = Release|Any CPU
	EndGlobalSection
	GlobalSection(ProjectConfigurationPlatforms) = postSolution
		{2B27A8BA-87FE-48F0-99B0-2BBFF569CBB6}.Debug|Any CPU.ActiveCfg = Debug|Any CPU
		{2B27A8BA-87FE-48F0-99B0-2BBFF569CBB6}.Debug|Any CPU.Build.0 = Debug|Any CPU
		{2B27A8BA-87FE-48F0-99B0-2BBFF569CBB6}.Release|Any CPU.ActiveCfg = Release|Any CPU
		{2B27A8BA-87FE-48F0-99B0-2BBFF569CBB6}.Release|Any CPU.Build.0 = Release|Any CPU
		{92F79390-1FC7-4E37-91C4-6BB9B0BD9E3C}.Debug|Any CPU.ActiveCfg = Debug|Any CPU
		{92F79390-1FC7-4E37-91C4-6BB9B0BD9E3C}.Debug|Any CPU.Build.0 = Debug|Any CPU
		{92F79390-1FC7-4E37-91C4-6BB9B0BD9E3C}.Release|Any CPU.ActiveCfg = Release|Any CPU
		{92F79390-1FC7-4E37-91C4-6BB9B0BD9E3C}.Release|Any CPU.Build.0 = Release|Any CPU
		{5C0D8F8F-C4EA-495D-8F72-4E5AA31AC7AE}.Debug|Any CPU.ActiveCfg = Debug|Any CPU
		{5C0D8F8F-C4EA-495D-8F72-4E5AA31AC7AE}.Debug|Any CPU.Build.0 = Debug|Any CPU
		{5C0D8F8F-C4EA-495D-8F72-4E5AA31AC7AE}.Release|Any CPU.ActiveCfg = Release|Any CPU
		{5C0D8F8F-C4EA-495D-8F72-4E5AA31AC7AE}.Release|Any CPU.Build.0 = Release|Any CPU
		{7AAC8C30-3967-4B67-8B1C-FDB3B3309A28}.Debug|Any CPU.ActiveCfg = Debug|Any CPU
		{7AAC8C30-3967-4B67-8B1C-FDB3B3309A28}.Debug|Any CPU.Build.0 = Debug|Any CPU
		{7AAC8C30-3967-4B67-8B1C-FDB3B3309A28}.Release|Any CPU.ActiveCfg = Release|Any CPU
		{7AAC8C30-3967-4B67-8B1C-FDB3B3309A28}.Release|Any CPU.Build.0 = Release|Any CPU
		{60FE16E0-73AB-4DCA-A2F7-8C8E35EAA61F}.Debug|Any CPU.ActiveCfg = Debug|Any CPU
		{60FE16E0-73AB-4DCA-A2F7-8C8E35EAA61F}.Debug|Any CPU.Build.0 = Debug|Any CPU
		{60FE16E0-73AB-4DCA-A2F7-8C8E35EAA61F}.Release|Any CPU.ActiveCfg = Release|Any CPU
		{60FE16E0-73AB-4DCA-A2F7-8C8E35EAA61F}.Release|Any CPU.Build.0 = Release|Any CPU
		{E8CF82AA-C76C-4230-8619-D7FAAD9A00F3}.Debug|Any CPU.ActiveCfg = Debug|Any CPU
		{E8CF82AA-C76C-4230-8619-D7FAAD9A00F3}.Debug|Any CPU.Build.0 = Debug|Any CPU
		{E8CF82AA-C76C-4230-8619-D7FAAD9A00F3}.Release|Any CPU.ActiveCfg = Release|Any CPU
		{E8CF82AA-C76C-4230-8619-D7FAAD9A00F3}.Release|Any CPU.Build.0 = Release|Any CPU
		{B9054FDB-2F6D-4DA6-BF04-1BF32F1471F6}.Debug|Any CPU.ActiveCfg = Debug|Any CPU
		{B9054FDB-2F6D-4DA6-BF04-1BF32F1471F6}.Debug|Any CPU.Build.0 = Debug|Any CPU
		{B9054FDB-2F6D-4DA6-BF04-1BF32F1471F6}.Release|Any CPU.ActiveCfg = Release|Any CPU
		{B9054FDB-2F6D-4DA6-BF04-1BF32F1471F6}.Release|Any CPU.Build.0 = Release|Any CPU
	EndGlobalSection
	GlobalSection(SolutionProperties) = preSolution
		HideSolutionNode = FALSE
	EndGlobalSection
	GlobalSection(ExtensibilityGlobals) = postSolution
		SolutionGuid = {B62CBE56-102C-4D43-A0EF-BD2CE8DD31B2}
	EndGlobalSection
EndGlobal
